// !$*UTF8*$!
{
	archiveVersion = 1;
	classes = {
	};
	objectVersion = 60;
	objects = {

/* Begin PBXContainerItemProxy section */
		AC163E562C46C1AE00F0A726 /* PBXContainerItemProxy */ = {
			isa = PBXContainerItemProxy;
			containerPortal = AC163E3D2C46C1AD00F0A726 /* Project object */;
			proxyType = 1;
			remoteGlobalIDString = AC163E442C46C1AD00F0A726;
			remoteInfo = CleanArchitectureSwiftUI;
		};
		AC163E602C46C1AE00F0A726 /* PBXContainerItemProxy */ = {
			isa = PBXContainerItemProxy;
			containerPortal = AC163E3D2C46C1AD00F0A726 /* Project object */;
			proxyType = 1;
			remoteGlobalIDString = AC163E442C46C1AD00F0A726;
			remoteInfo = CleanArchitectureSwiftUI;
		};
/* End PBXContainerItemProxy section */

/* Begin PBXFileReference section */
		AC163E452C46C1AD00F0A726 /* CleanArchitectureSwiftUI.app */ = {isa = PBXFileReference; explicitFileType = wrapper.application; includeInIndex = 0; path = CleanArchitectureSwiftUI.app; sourceTree = BUILT_PRODUCTS_DIR; };
		AC163E552C46C1AE00F0A726 /* CleanArchitectureSwiftUITests.xctest */ = {isa = PBXFileReference; explicitFileType = wrapper.cfbundle; includeInIndex = 0; path = CleanArchitectureSwiftUITests.xctest; sourceTree = BUILT_PRODUCTS_DIR; };
		AC163E5F2C46C1AE00F0A726 /* CleanArchitectureSwiftUIUITests.xctest */ = {isa = PBXFileReference; explicitFileType = wrapper.cfbundle; includeInIndex = 0; path = CleanArchitectureSwiftUIUITests.xctest; sourceTree = BUILT_PRODUCTS_DIR; };
/* End PBXFileReference section */

/* Begin PBXFileSystemSynchronizedRootGroup section */
		AC163E472C46C1AD00F0A726 /* CleanArchitectureSwiftUI */ = {isa = PBXFileSystemSynchronizedRootGroup; explicitFileTypes = {}; explicitFolders = (); path = CleanArchitectureSwiftUI; sourceTree = "<group>"; };
		AC163E582C46C1AE00F0A726 /* CleanArchitectureSwiftUITests */ = {isa = PBXFileSystemSynchronizedRootGroup; explicitFileTypes = {}; explicitFolders = (); path = CleanArchitectureSwiftUITests; sourceTree = "<group>"; };
		AC163E622C46C1AE00F0A726 /* CleanArchitectureSwiftUIUITests */ = {isa = PBXFileSystemSynchronizedRootGroup; explicitFileTypes = {}; explicitFolders = (); path = CleanArchitectureSwiftUIUITests; sourceTree = "<group>"; };
/* End PBXFileSystemSynchronizedRootGroup section */

/* Begin PBXFrameworksBuildPhase section */
		AC163E422C46C1AD00F0A726 /* Frameworks */ = {
			isa = PBXFrameworksBuildPhase;
			buildActionMask = 2147483647;
			files = (
			);
			runOnlyForDeploymentPostprocessing = 0;
		};
		AC163E522C46C1AE00F0A726 /* Frameworks */ = {
			isa = PBXFrameworksBuildPhase;
			buildActionMask = 2147483647;
			files = (
			);
			runOnlyForDeploymentPostprocessing = 0;
		};
		AC163E5C2C46C1AE00F0A726 /* Frameworks */ = {
			isa = PBXFrameworksBuildPhase;
			buildActionMask = 2147483647;
			files = (
			);
			runOnlyForDeploymentPostprocessing = 0;
		};
/* End PBXFrameworksBuildPhase section */

/* Begin PBXGroup section */
		AC163E3C2C46C1AD00F0A726 = {
			isa = PBXGroup;
			children = (
				AC163E472C46C1AD00F0A726 /* CleanArchitectureSwiftUI */,
				AC163E582C46C1AE00F0A726 /* CleanArchitectureSwiftUITests */,
				AC163E622C46C1AE00F0A726 /* CleanArchitectureSwiftUIUITests */,
				AC163E462C46C1AD00F0A726 /* Products */,
			);
			sourceTree = "<group>";
		};
		AC163E462C46C1AD00F0A726 /* Products */ = {
			isa = PBXGroup;
			children = (
				AC163E452C46C1AD00F0A726 /* CleanArchitectureSwiftUI.app */,
				AC163E552C46C1AE00F0A726 /* CleanArchitectureSwiftUITests.xctest */,
				AC163E5F2C46C1AE00F0A726 /* CleanArchitectureSwiftUIUITests.xctest */,
			);
			name = Products;
			sourceTree = "<group>";
		};
/* End PBXGroup section */

/* Begin PBXNativeTarget section */
		AC163E442C46C1AD00F0A726 /* CleanArchitectureSwiftUI */ = {
			isa = PBXNativeTarget;
			buildConfigurationList = AC163E692C46C1AE00F0A726 /* Build configuration list for PBXNativeTarget "CleanArchitectureSwiftUI" */;
			buildPhases = (
				AC163E412C46C1AD00F0A726 /* Sources */,
				AC163E422C46C1AD00F0A726 /* Frameworks */,
				AC163E432C46C1AD00F0A726 /* Resources */,
			);
			buildRules = (
			);
			dependencies = (
			);
			fileSystemSynchronizedGroups = (
				AC163E472C46C1AD00F0A726 /* CleanArchitectureSwiftUI */,
			);
			name = CleanArchitectureSwiftUI;
			packageProductDependencies = (
			);
			productName = CleanArchitectureSwiftUI;
			productReference = AC163E452C46C1AD00F0A726 /* CleanArchitectureSwiftUI.app */;
			productType = "com.apple.product-type.application";
		};
		AC163E542C46C1AE00F0A726 /* CleanArchitectureSwiftUITests */ = {
			isa = PBXNativeTarget;
			buildConfigurationList = AC163E6C2C46C1AE00F0A726 /* Build configuration list for PBXNativeTarget "CleanArchitectureSwiftUITests" */;
			buildPhases = (
				AC163E512C46C1AE00F0A726 /* Sources */,
				AC163E522C46C1AE00F0A726 /* Frameworks */,
				AC163E532C46C1AE00F0A726 /* Resources */,
			);
			buildRules = (
			);
			dependencies = (
				AC163E572C46C1AE00F0A726 /* PBXTargetDependency */,
			);
			fileSystemSynchronizedGroups = (
				AC163E582C46C1AE00F0A726 /* CleanArchitectureSwiftUITests */,
			);
			name = CleanArchitectureSwiftUITests;
			packageProductDependencies = (
			);
			productName = CleanArchitectureSwiftUITests;
			productReference = AC163E552C46C1AE00F0A726 /* CleanArchitectureSwiftUITests.xctest */;
			productType = "com.apple.product-type.bundle.unit-test";
		};
		AC163E5E2C46C1AE00F0A726 /* CleanArchitectureSwiftUIUITests */ = {
			isa = PBXNativeTarget;
			buildConfigurationList = AC163E6F2C46C1AE00F0A726 /* Build configuration list for PBXNativeTarget "CleanArchitectureSwiftUIUITests" */;
			buildPhases = (
				AC163E5B2C46C1AE00F0A726 /* Sources */,
				AC163E5C2C46C1AE00F0A726 /* Frameworks */,
				AC163E5D2C46C1AE00F0A726 /* Resources */,
			);
			buildRules = (
			);
			dependencies = (
				AC163E612C46C1AE00F0A726 /* PBXTargetDependency */,
			);
			fileSystemSynchronizedGroups = (
				AC163E622C46C1AE00F0A726 /* CleanArchitectureSwiftUIUITests */,
			);
			name = CleanArchitectureSwiftUIUITests;
			packageProductDependencies = (
			);
			productName = CleanArchitectureSwiftUIUITests;
			productReference = AC163E5F2C46C1AE00F0A726 /* CleanArchitectureSwiftUIUITests.xctest */;
			productType = "com.apple.product-type.bundle.ui-testing";
		};
/* End PBXNativeTarget section */

/* Begin PBXProject section */
		AC163E3D2C46C1AD00F0A726 /* Project object */ = {
			isa = PBXProject;
			attributes = {
				BuildIndependentTargetsInParallel = 1;
				LastSwiftUpdateCheck = 1600;
				LastUpgradeCheck = 1600;
				TargetAttributes = {
					AC163E442C46C1AD00F0A726 = {
						CreatedOnToolsVersion = 16.0;
					};
					AC163E542C46C1AE00F0A726 = {
						CreatedOnToolsVersion = 16.0;
						TestTargetID = AC163E442C46C1AD00F0A726;
					};
					AC163E5E2C46C1AE00F0A726 = {
						CreatedOnToolsVersion = 16.0;
						TestTargetID = AC163E442C46C1AD00F0A726;
					};
				};
			};
			buildConfigurationList = AC163E402C46C1AD00F0A726 /* Build configuration list for PBXProject "CleanArchitectureSwiftUI" */;
			compatibilityVersion = "Xcode 15.0";
			developmentRegion = en;
			hasScannedForEncodings = 0;
			knownRegions = (
				en,
				Base,
			);
			mainGroup = AC163E3C2C46C1AD00F0A726;
			productRefGroup = AC163E462C46C1AD00F0A726 /* Products */;
			projectDirPath = "";
			projectRoot = "";
			targets = (
				AC163E442C46C1AD00F0A726 /* CleanArchitectureSwiftUI */,
				AC163E542C46C1AE00F0A726 /* CleanArchitectureSwiftUITests */,
				AC163E5E2C46C1AE00F0A726 /* CleanArchitectureSwiftUIUITests */,
			);
		};
/* End PBXProject section */

/* Begin PBXResourcesBuildPhase section */
		AC163E432C46C1AD00F0A726 /* Resources */ = {
			isa = PBXResourcesBuildPhase;
			buildActionMask = 2147483647;
			files = (
			);
			runOnlyForDeploymentPostprocessing = 0;
		};
		AC163E532C46C1AE00F0A726 /* Resources */ = {
			isa = PBXResourcesBuildPhase;
			buildActionMask = 2147483647;
			files = (
			);
			runOnlyForDeploymentPostprocessing = 0;
		};
		AC163E5D2C46C1AE00F0A726 /* Resources */ = {
			isa = PBXResourcesBuildPhase;
			buildActionMask = 2147483647;
			files = (
			);
			runOnlyForDeploymentPostprocessing = 0;
		};
/* End PBXResourcesBuildPhase section */

/* Begin PBXSourcesBuildPhase section */
		AC163E412C46C1AD00F0A726 /* Sources */ = {
			isa = PBXSourcesBuildPhase;
			buildActionMask = 2147483647;
			files = (
			);
			runOnlyForDeploymentPostprocessing = 0;
		};
		AC163E512C46C1AE00F0A726 /* Sources */ = {
			isa = PBXSourcesBuildPhase;
			buildActionMask = 2147483647;
			files = (
			);
			runOnlyForDeploymentPostprocessing = 0;
		};
		AC163E5B2C46C1AE00F0A726 /* Sources */ = {
			isa = PBXSourcesBuildPhase;
			buildActionMask = 2147483647;
			files = (
			);
			runOnlyForDeploymentPostprocessing = 0;
		};
/* End PBXSourcesBuildPhase section */

/* Begin PBXTargetDependency section */
		AC163E572C46C1AE00F0A726 /* PBXTargetDependency */ = {
			isa = PBXTargetDependency;
			target = AC163E442C46C1AD00F0A726 /* CleanArchitectureSwiftUI */;
			targetProxy = AC163E562C46C1AE00F0A726 /* PBXContainerItemProxy */;
		};
		AC163E612C46C1AE00F0A726 /* PBXTargetDependency */ = {
			isa = PBXTargetDependency;
			target = AC163E442C46C1AD00F0A726 /* CleanArchitectureSwiftUI */;
			targetProxy = AC163E602C46C1AE00F0A726 /* PBXContainerItemProxy */;
		};
/* End PBXTargetDependency section */

/* Begin XCBuildConfiguration section */
		AC163E672C46C1AE00F0A726 /* Debug */ = {
			isa = XCBuildConfiguration;
			buildSettings = {
				ALWAYS_SEARCH_USER_PATHS = NO;
				ASSETCATALOG_COMPILER_GENERATE_SWIFT_ASSET_SYMBOL_EXTENSIONS = YES;
				CLANG_ANALYZER_NONNULL = YES;
				CLANG_ANALYZER_NUMBER_OBJECT_CONVERSION = YES_AGGRESSIVE;
				CLANG_CXX_LANGUAGE_STANDARD = "gnu++20";
				CLANG_ENABLE_MODULES = YES;
				CLANG_ENABLE_OBJC_ARC = YES;
				CLANG_ENABLE_OBJC_WEAK = YES;
				CLANG_WARN_BLOCK_CAPTURE_AUTORELEASING = YES;
				CLANG_WARN_BOOL_CONVERSION = YES;
				CLANG_WARN_COMMA = YES;
				CLANG_WARN_CONSTANT_CONVERSION = YES;
				CLANG_WARN_DEPRECATED_OBJC_IMPLEMENTATIONS = YES;
				CLANG_WARN_DIRECT_OBJC_ISA_USAGE = YES_ERROR;
				CLANG_WARN_DOCUMENTATION_COMMENTS = YES;
				CLANG_WARN_EMPTY_BODY = YES;
				CLANG_WARN_ENUM_CONVERSION = YES;
				CLANG_WARN_INFINITE_RECURSION = YES;
				CLANG_WARN_INT_CONVERSION = YES;
				CLANG_WARN_NON_LITERAL_NULL_CONVERSION = YES;
				CLANG_WARN_OBJC_IMPLICIT_RETAIN_SELF = YES;
				CLANG_WARN_OBJC_LITERAL_CONVERSION = YES;
				CLANG_WARN_OBJC_ROOT_CLASS = YES_ERROR;
				CLANG_WARN_QUOTED_INCLUDE_IN_FRAMEWORK_HEADER = YES;
				CLANG_WARN_RANGE_LOOP_ANALYSIS = YES;
				CLANG_WARN_STRICT_PROTOTYPES = YES;
				CLANG_WARN_SUSPICIOUS_MOVE = YES;
				CLANG_WARN_UNGUARDED_AVAILABILITY = YES_AGGRESSIVE;
				CLANG_WARN_UNREACHABLE_CODE = YES;
				CLANG_WARN__DUPLICATE_METHOD_MATCH = YES;
				COPY_PHASE_STRIP = NO;
				DEBUG_INFORMATION_FORMAT = dwarf;
				ENABLE_STRICT_OBJC_MSGSEND = YES;
				ENABLE_TESTABILITY = YES;
				ENABLE_USER_SCRIPT_SANDBOXING = YES;
				GCC_C_LANGUAGE_STANDARD = gnu17;
				GCC_DYNAMIC_NO_PIC = NO;
				GCC_NO_COMMON_BLOCKS = YES;
				GCC_OPTIMIZATION_LEVEL = 0;
				GCC_PREPROCESSOR_DEFINITIONS = (
					"DEBUG=1",
					"$(inherited)",
				);
				GCC_WARN_64_TO_32_BIT_CONVERSION = YES;
				GCC_WARN_ABOUT_RETURN_TYPE = YES_ERROR;
				GCC_WARN_UNDECLARED_SELECTOR = YES;
				GCC_WARN_UNINITIALIZED_AUTOS = YES_AGGRESSIVE;
				GCC_WARN_UNUSED_FUNCTION = YES;
				GCC_WARN_UNUSED_VARIABLE = YES;
				IPHONEOS_DEPLOYMENT_TARGET = 18.0;
				LOCALIZATION_PREFERS_STRING_CATALOGS = YES;
				MTL_ENABLE_DEBUG_INFO = INCLUDE_SOURCE;
				MTL_FAST_MATH = YES;
				ONLY_ACTIVE_ARCH = YES;
				SDKROOT = iphoneos;
				SWIFT_ACTIVE_COMPILATION_CONDITIONS = "DEBUG $(inherited)";
				SWIFT_OPTIMIZATION_LEVEL = "-Onone";
			};
			name = Debug;
		};
		AC163E682C46C1AE00F0A726 /* Release */ = {
			isa = XCBuildConfiguration;
			buildSettings = {
				ALWAYS_SEARCH_USER_PATHS = NO;
				ASSETCATALOG_COMPILER_GENERATE_SWIFT_ASSET_SYMBOL_EXTENSIONS = YES;
				CLANG_ANALYZER_NONNULL = YES;
				CLANG_ANALYZER_NUMBER_OBJECT_CONVERSION = YES_AGGRESSIVE;
				CLANG_CXX_LANGUAGE_STANDARD = "gnu++20";
				CLANG_ENABLE_MODULES = YES;
				CLANG_ENABLE_OBJC_ARC = YES;
				CLANG_ENABLE_OBJC_WEAK = YES;
				CLANG_WARN_BLOCK_CAPTURE_AUTORELEASING = YES;
				CLANG_WARN_BOOL_CONVERSION = YES;
				CLANG_WARN_COMMA = YES;
				CLANG_WARN_CONSTANT_CONVERSION = YES;
				CLANG_WARN_DEPRECATED_OBJC_IMPLEMENTATIONS = YES;
				CLANG_WARN_DIRECT_OBJC_ISA_USAGE = YES_ERROR;
				CLANG_WARN_DOCUMENTATION_COMMENTS = YES;
				CLANG_WARN_EMPTY_BODY = YES;
				CLANG_WARN_ENUM_CONVERSION = YES;
				CLANG_WARN_INFINITE_RECURSION = YES;
				CLANG_WARN_INT_CONVERSION = YES;
				CLANG_WARN_NON_LITERAL_NULL_CONVERSION = YES;
				CLANG_WARN_OBJC_IMPLICIT_RETAIN_SELF = YES;
				CLANG_WARN_OBJC_LITERAL_CONVERSION = YES;
				CLANG_WARN_OBJC_ROOT_CLASS = YES_ERROR;
				CLANG_WARN_QUOTED_INCLUDE_IN_FRAMEWORK_HEADER = YES;
				CLANG_WARN_RANGE_LOOP_ANALYSIS = YES;
				CLANG_WARN_STRICT_PROTOTYPES = YES;
				CLANG_WARN_SUSPICIOUS_MOVE = YES;
				CLANG_WARN_UNGUARDED_AVAILABILITY = YES_AGGRESSIVE;
				CLANG_WARN_UNREACHABLE_CODE = YES;
				CLANG_WARN__DUPLICATE_METHOD_MATCH = YES;
				COPY_PHASE_STRIP = NO;
				DEBUG_INFORMATION_FORMAT = "dwarf-with-dsym";
				ENABLE_NS_ASSERTIONS = NO;
				ENABLE_STRICT_OBJC_MSGSEND = YES;
				ENABLE_USER_SCRIPT_SANDBOXING = YES;
				GCC_C_LANGUAGE_STANDARD = gnu17;
				GCC_NO_COMMON_BLOCKS = YES;
				GCC_WARN_64_TO_32_BIT_CONVERSION = YES;
				GCC_WARN_ABOUT_RETURN_TYPE = YES_ERROR;
				GCC_WARN_UNDECLARED_SELECTOR = YES;
				GCC_WARN_UNINITIALIZED_AUTOS = YES_AGGRESSIVE;
				GCC_WARN_UNUSED_FUNCTION = YES;
				GCC_WARN_UNUSED_VARIABLE = YES;
				IPHONEOS_DEPLOYMENT_TARGET = 18.0;
				LOCALIZATION_PREFERS_STRING_CATALOGS = YES;
				MTL_ENABLE_DEBUG_INFO = NO;
				MTL_FAST_MATH = YES;
				SDKROOT = iphoneos;
				SWIFT_COMPILATION_MODE = wholemodule;
				VALIDATE_PRODUCT = YES;
			};
			name = Release;
		};
		AC163E6A2C46C1AE00F0A726 /* Debug */ = {
			isa = XCBuildConfiguration;
			buildSettings = {
				ASSETCATALOG_COMPILER_APPICON_NAME = AppIcon;
				ASSETCATALOG_COMPILER_GLOBAL_ACCENT_COLOR_NAME = AccentColor;
				CODE_SIGN_STYLE = Automatic;
				CURRENT_PROJECT_VERSION = 1;
				DEVELOPMENT_ASSET_PATHS = "\"CleanArchitectureSwiftUI/Preview Content\"";
				DEVELOPMENT_TEAM = KY9KTSK9G3;
				ENABLE_PREVIEWS = YES;
				GENERATE_INFOPLIST_FILE = YES;
				INFOPLIST_KEY_UIApplicationSceneManifest_Generation = YES;
				INFOPLIST_KEY_UIApplicationSupportsIndirectInputEvents = YES;
				INFOPLIST_KEY_UILaunchScreen_Generation = YES;
				INFOPLIST_KEY_UISupportedInterfaceOrientations_iPad = "UIInterfaceOrientationPortrait UIInterfaceOrientationPortraitUpsideDown UIInterfaceOrientationLandscapeLeft UIInterfaceOrientationLandscapeRight";
				INFOPLIST_KEY_UISupportedInterfaceOrientations_iPhone = "UIInterfaceOrientationPortrait UIInterfaceOrientationLandscapeLeft UIInterfaceOrientationLandscapeRight";
				LD_RUNPATH_SEARCH_PATHS = (
					"$(inherited)",
					"@executable_path/Frameworks",
				);
				MARKETING_VERSION = 1.0;
				PRODUCT_BUNDLE_IDENTIFIER = com.robaert.CleanArchitectureSwiftUI;
				PRODUCT_NAME = "$(TARGET_NAME)";
				SWIFT_EMIT_LOC_STRINGS = YES;
				SWIFT_VERSION = 5.0;
				TARGETED_DEVICE_FAMILY = "1,2";
			};
			name = Debug;
		};
		AC163E6B2C46C1AE00F0A726 /* Release */ = {
			isa = XCBuildConfiguration;
			buildSettings = {
				ASSETCATALOG_COMPILER_APPICON_NAME = AppIcon;
				ASSETCATALOG_COMPILER_GLOBAL_ACCENT_COLOR_NAME = AccentColor;
				CODE_SIGN_STYLE = Automatic;
				CURRENT_PROJECT_VERSION = 1;
				DEVELOPMENT_ASSET_PATHS = "\"CleanArchitectureSwiftUI/Preview Content\"";
				DEVELOPMENT_TEAM = KY9KTSK9G3;
				ENABLE_PREVIEWS = YES;
				GENERATE_INFOPLIST_FILE = YES;
				INFOPLIST_KEY_UIApplicationSceneManifest_Generation = YES;
				INFOPLIST_KEY_UIApplicationSupportsIndirectInputEvents = YES;
				INFOPLIST_KEY_UILaunchScreen_Generation = YES;
				INFOPLIST_KEY_UISupportedInterfaceOrientations_iPad = "UIInterfaceOrientationPortrait UIInterfaceOrientationPortraitUpsideDown UIInterfaceOrientationLandscapeLeft UIInterfaceOrientationLandscapeRight";
				INFOPLIST_KEY_UISupportedInterfaceOrientations_iPhone = "UIInterfaceOrientationPortrait UIInterfaceOrientationLandscapeLeft UIInterfaceOrientationLandscapeRight";
				LD_RUNPATH_SEARCH_PATHS = (
					"$(inherited)",
					"@executable_path/Frameworks",
				);
				MARKETING_VERSION = 1.0;
				PRODUCT_BUNDLE_IDENTIFIER = com.robaert.CleanArchitectureSwiftUI;
				PRODUCT_NAME = "$(TARGET_NAME)";
				SWIFT_EMIT_LOC_STRINGS = YES;
				SWIFT_VERSION = 5.0;
				TARGETED_DEVICE_FAMILY = "1,2";
			};
			name = Release;
		};
		AC163E6D2C46C1AE00F0A726 /* Debug */ = {
			isa = XCBuildConfiguration;
			buildSettings = {
				BUNDLE_LOADER = "$(TEST_HOST)";
				CODE_SIGN_STYLE = Automatic;
				CURRENT_PROJECT_VERSION = 1;
				DEVELOPMENT_TEAM = KY9KTSK9G3;
				GENERATE_INFOPLIST_FILE = YES;
				IPHONEOS_DEPLOYMENT_TARGET = 18.0;
				MARKETING_VERSION = 1.0;
				PRODUCT_BUNDLE_IDENTIFIER = com.robaert.CleanArchitectureSwiftUITests;
				PRODUCT_NAME = "$(TARGET_NAME)";
				SWIFT_EMIT_LOC_STRINGS = NO;
				SWIFT_VERSION = 5.0;
				TARGETED_DEVICE_FAMILY = "1,2";
				TEST_HOST = "$(BUILT_PRODUCTS_DIR)/CleanArchitectureSwiftUI.app/$(BUNDLE_EXECUTABLE_FOLDER_PATH)/CleanArchitectureSwiftUI";
			};
			name = Debug;
		};
		AC163E6E2C46C1AE00F0A726 /* Release */ = {
			isa = XCBuildConfiguration;
			buildSettings = {
				BUNDLE_LOADER = "$(TEST_HOST)";
				CODE_SIGN_STYLE = Automatic;
				CURRENT_PROJECT_VERSION = 1;
				DEVELOPMENT_TEAM = KY9KTSK9G3;
				GENERATE_INFOPLIST_FILE = YES;
				IPHONEOS_DEPLOYMENT_TARGET = 18.0;
				MARKETING_VERSION = 1.0;
				PRODUCT_BUNDLE_IDENTIFIER = com.robaert.CleanArchitectureSwiftUITests;
				PRODUCT_NAME = "$(TARGET_NAME)";
				SWIFT_EMIT_LOC_STRINGS = NO;
				SWIFT_VERSION = 5.0;
				TARGETED_DEVICE_FAMILY = "1,2";
				TEST_HOST = "$(BUILT_PRODUCTS_DIR)/CleanArchitectureSwiftUI.app/$(BUNDLE_EXECUTABLE_FOLDER_PATH)/CleanArchitectureSwiftUI";
			};
			name = Release;
		};
		AC163E702C46C1AE00F0A726 /* Debug */ = {
			isa = XCBuildConfiguration;
			buildSettings = {
				CODE_SIGN_STYLE = Automatic;
				CURRENT_PROJECT_VERSION = 1;
				DEVELOPMENT_TEAM = KY9KTSK9G3;
				GENERATE_INFOPLIST_FILE = YES;
				MARKETING_VERSION = 1.0;
				PRODUCT_BUNDLE_IDENTIFIER = com.robaert.CleanArchitectureSwiftUIUITests;
				PRODUCT_NAME = "$(TARGET_NAME)";
				SWIFT_EMIT_LOC_STRINGS = NO;
				SWIFT_VERSION = 5.0;
				TARGETED_DEVICE_FAMILY = "1,2";
				TEST_TARGET_NAME = CleanArchitectureSwiftUI;
			};
			name = Debug;
		};
		AC163E712C46C1AE00F0A726 /* Release */ = {
			isa = XCBuildConfiguration;
			buildSettings = {
				CODE_SIGN_STYLE = Automatic;
				CURRENT_PROJECT_VERSION = 1;
				DEVELOPMENT_TEAM = KY9KTSK9G3;
				GENERATE_INFOPLIST_FILE = YES;
				MARKETING_VERSION = 1.0;
				PRODUCT_BUNDLE_IDENTIFIER = com.robaert.CleanArchitectureSwiftUIUITests;
				PRODUCT_NAME = "$(TARGET_NAME)";
				SWIFT_EMIT_LOC_STRINGS = NO;
				SWIFT_VERSION = 5.0;
				TARGETED_DEVICE_FAMILY = "1,2";
				TEST_TARGET_NAME = CleanArchitectureSwiftUI;
			};
			name = Release;
		};
/* End XCBuildConfiguration section */

/* Begin XCConfigurationList section */
		AC163E402C46C1AD00F0A726 /* Build configuration list for PBXProject "CleanArchitectureSwiftUI" */ = {
			isa = XCConfigurationList;
			buildConfigurations = (
				AC163E672C46C1AE00F0A726 /* Debug */,
				AC163E682C46C1AE00F0A726 /* Release */,
			);
			defaultConfigurationIsVisible = 0;
			defaultConfigurationName = Release;
		};
		AC163E692C46C1AE00F0A726 /* Build configuration list for PBXNativeTarget "CleanArchitectureSwiftUI" */ = {
			isa = XCConfigurationList;
			buildConfigurations = (
				AC163E6A2C46C1AE00F0A726 /* Debug */,
				AC163E6B2C46C1AE00F0A726 /* Release */,
			);
			defaultConfigurationIsVisible = 0;
			defaultConfigurationName = Release;
		};
		AC163E6C2C46C1AE00F0A726 /* Build configuration list for PBXNativeTarget "CleanArchitectureSwiftUITests" */ = {
			isa = XCConfigurationList;
			buildConfigurations = (
				AC163E6D2C46C1AE00F0A726 /* Debug */,
				AC163E6E2C46C1AE00F0A726 /* Release */,
			);
			defaultConfigurationIsVisible = 0;
			defaultConfigurationName = Release;
		};
		AC163E6F2C46C1AE00F0A726 /* Build configuration list for PBXNativeTarget "CleanArchitectureSwiftUIUITests" */ = {
			isa = XCConfigurationList;
			buildConfigurations = (
				AC163E702C46C1AE00F0A726 /* Debug */,
				AC163E712C46C1AE00F0A726 /* Release */,
			);
			defaultConfigurationIsVisible = 0;
			defaultConfigurationName = Release;
		};
/* End XCConfigurationList section */
	};
	rootObject = AC163E3D2C46C1AD00F0A726 /* Project object */;
}
